
Microsoft Visual Studio Solution File, Format Version 10.00
# Visual Studio 2008
Project("{8BC9CEB8-8B4A-11D0-8D11-00A0C91BC942}") = "Cw8_01", "Cw8_01\Cw8_01.vcproj", "{29566EF2-CB6B-4A75-96F0-06B88FF97475}"
EndProject
Global
	GlobalSection(SolutionConfigurationPlatforms) = preSolution
		Debug|Win32 = Debug|Win32
		Release|Win32 = Release|Win32
	EndGlobalSection
	GlobalSection(ProjectConfigurationPlatforms) = postSolution
		{29566EF2-CB6B-4A75-96F0-06B88FF97475}.Debug|Win32.ActiveCfg = Debug|Win32
		{29566EF2-CB6B-4A75-96F0-06B88FF97475}.Debug|Win32.Build.0 = Debug|Win32
		{29566EF2-CB6B-4A75-96F0-06B88FF97475}.Release|Win32.ActiveCfg = Release|Win32
		{29566EF2-CB6B-4A75-96F0-06B88FF97475}.Release|Win32.Build.0 = Release|Win32
	EndGlobalSection
	GlobalSection(SolutionProperties) = preSolution
		HideSolutionNode = FALSE
	EndGlobalSection
EndGlobal
