
Microsoft Visual Studio Solution File, Format Version 10.00
# Visual Studio 2008
Project("{8BC9CEB8-8B4A-11D0-8D11-00A0C91BC942}") = "Cw8_07", "Cw8_07\Cw8_07.vcproj", "{4D06352B-62BF-4CC3-8105-AC888423B7B2}"
EndProject
Global
	GlobalSection(SolutionConfigurationPlatforms) = preSolution
		Debug|Win32 = Debug|Win32
		Release|Win32 = Release|Win32
	EndGlobalSection
	GlobalSection(ProjectConfigurationPlatforms) = postSolution
		{4D06352B-62BF-4CC3-8105-AC888423B7B2}.Debug|Win32.ActiveCfg = Debug|Win32
		{4D06352B-62BF-4CC3-8105-AC888423B7B2}.Debug|Win32.Build.0 = Debug|Win32
		{4D06352B-62BF-4CC3-8105-AC888423B7B2}.Release|Win32.ActiveCfg = Release|Win32
		{4D06352B-62BF-4CC3-8105-AC888423B7B2}.Release|Win32.Build.0 = Release|Win32
	EndGlobalSection
	GlobalSection(SolutionProperties) = preSolution
		HideSolutionNode = FALSE
	EndGlobalSection
EndGlobal
